# THIS IS AN AUTOGENERATED FILE. DO NOT EDIT THIS FILE DIRECTLY.
# yarn lockfile v1


"@trpc/server@^10.0.0-rc.8":
  version "10.0.0-rc.8"
  resolved "https://registry.yarnpkg.com/@trpc/server/-/server-10.0.0-rc.8.tgz#941cb4b06a2d59419bdbcc61241f1e8946b67a1e"
  integrity sha512-+NsQqaJGHTiiBcOesH1bIictnnSO+SXaCOy5pM/324QBnJRt9VOO8oYDLcHSwAbJpAbOA+vl6YHs8OoykW6D2g==

zod@^3.19.1:
  version "3.19.1"
  resolved "https://registry.yarnpkg.com/zod/-/zod-3.19.1.tgz#112f074a97b50bfc4772d4ad1576814bd8ac4473"
  integrity sha512-LYjZsEDhCdYET9ikFu6dVPGp2YH9DegXjdJToSzD9rO6fy4qiRYFoyEYwps88OseJlPyl2NOe2iJuhEhL7IpEA==
